
Microsoft Visual Studio Solution File, Format Version 12.00
# Visual Studio Version 16
VisualStudioVersion = 16.0.29911.84
MinimumVisualStudioVersion = 10.0.40219.1
Project("{FAE04EC0-301F-11D3-BF4B-00C04F79EFBC}") = "MVCApp", "MVCApp\MVCApp.csproj", "{375B6BC6-3895-4BEF-B968-FD85CDE710A1}"
EndProject
Global
	GlobalSection(SolutionConfigurationPlatforms) = preSolution
		Debug|Any CPU = Debug|Any CPU
		Release|Any CPU = Release|Any CPU
	EndGlobalSection
	GlobalSection(ProjectConfigurationPlatforms) = postSolution
		{375B6BC6-3895-4BEF-B968-FD85CDE710A1}.Debug|Any CPU.ActiveCfg = Debug|Any CPU
		{375B6BC6-3895-4BEF-B968-FD85CDE710A1}.Debug|Any CPU.Build.0 = Debug|Any CPU
		{375B6BC6-3895-4BEF-B968-FD85CDE710A1}.Release|Any CPU.ActiveCfg = Release|Any CPU
		{375B6BC6-3895-4BEF-B968-FD85CDE710A1}.Release|Any CPU.Build.0 = Release|Any CPU
	EndGlobalSection
	GlobalSection(SolutionProperties) = preSolution
		HideSolutionNode = FALSE
	EndGlobalSection
	GlobalSection(ExtensibilityGlobals) = postSolution
		SolutionGuid = {5B341F6B-BA2B-47E2-9FA4-7C6503617E43}
	EndGlobalSection
EndGlobal
